{
  "version": 4,
  "terraform_version": "1.4.6",
  "serial": 136,
  "lineage": "53ba4f00-2e44-7afe-950d-09ee01829a39",
  "outputs": {
    "name": {
      "value": "doit-easily",
      "type": "string"
    },
    "project": {
      "value": "revieve-public",
      "type": "string"
    },
    "service_account": {
      "value": "doit-easily@revieve-public.iam.gserviceaccount.com",
      "type": "string"
    },
    "topic": {
      "value": "projects/cloudcommerceproc-prod/topics/revieve-public",
      "type": "string"
    }
  },
  "resources": [
    {
      "mode": "data",
      "type": "google_service_account_access_token",
      "name": "prod_token",
      "provider": "provider[\"registry.terraform.io/hashicorp/google\"]",
      "instances": [
        {
          "schema_version": 0,
          "attributes": {
            "access_token": "ya29.c.b0Aaekm1IyA_3IC8bGjr_BY7o7uL8pYzvKjxfSb8JEmYMyWcrmuoimt6jU5nN8zo5doJU-6W2IRlmqsqYcZOYSv7sZjAHtbCiyo2UAgcPetak59E4FuENaHPTy23CnDLf3RBmZPQXH-UFe7XLv7j-owJiOsORUltJqYah1Sq9dv6x1YewPA4f9hAlexKk0Y9bMvgJVa0FxAydcPvNvAkUKhT4XW1cjoS1AHbKZNm-VLQXtDbUkQcvFJ08KkRRSRvHlU949HKM15zA9fG4QAzfB1wrsi4ysjyYg3VBhrqIuuhDrtyzuQoGsrmCJ2-4JMhhNkYOyCeA3xVDpKCrgcBhkdXGBvkk8xcrqmHsgcfYdsH-8p6J_EGKg5pHqR_oQDXMDJUwmU9sFgzzHrfp4lAMA2pGuGsR4ehw198R5LyrdrC5CPu6ntWU1zaMRIKguaSErFnx5isH3pY9oXSWI4T0zDFj4bU1Y-VhQ00k_Ijha_bDvRei6Hdl53sasOFRPUg-P2_T7Qu4XB8FJEppQvWgvZkQT5I9_93OFwyYxVLSeFpR_2OkWEJuDHXiKsNst-j-RISeopVzf0kbwy13930PLPAKEgda_c9rGbVQmN621AvSS7rVwlcok4Vch8StVkbbldju8SOJvBYgjJwm8soOXQ7BU4iddjmgaJ-hyVqvFUUZMJ_v33ud4JSxWg5gUQf7a51dkehxJ4JurnlqsVWRhiz9Mivxp1VfFytxdB0ZFlBYoFjy3dc00z995FQSplV9YUt7RZgO39-B9Osh816cz_iI0u2atUiJeiSaw0SiOsi6Xhy-xO-95ffUQ6shey_8UWZftr5rr-b5bh-gZIf0lxbjW6XoBs4X_fmlj2BB5Zo8fcblqu2Rz-U8xjhr_epRFxJxJ7SjJ3UbBJm0iiazj2Oj_Ocx_87qqVFw5cB-uf61U0M0zdYxhZ7z4vmFUvR4Bp1zJRUmiM_JwcgtzZ93z7_634z9oR8knc5nz-O3oOpyzrWmRjtiXpnn",
            "delegates": null,
            "id": "projects/-/serviceAccounts/doit-easily@revieve-public.iam.gserviceaccount.com",
            "lifetime": "1200s",
            "scopes": [
              "cloud-platform",
              "userinfo-email"
            ],
            "target_service_account": "doit-easily@revieve-public.iam.gserviceaccount.com"
          },
          "sensitive_attributes": []
        }
      ]
    },
    {
      "mode": "managed",
      "type": "google_cloud_run_service",
      "name": "doit_easily_cloudrun_service",
      "provider": "provider[\"registry.terraform.io/hashicorp/google\"]",
      "instances": [
        {
          "schema_version": 1,
          "attributes": {
            "autogenerate_revision_name": false,
            "id": "locations/us-west1/namespaces/revieve-public/services/doit-easily",
            "location": "us-west1",
            "metadata": [
              {
                "annotations": {
                  "run.googleapis.com/ingress": "internal-and-cloud-load-balancing",
                  "run.googleapis.com/ingress-status": "internal-and-cloud-load-balancing",
                  "run.googleapis.com/operation-id": "67230743-3912-46f7-a4be-5c52e0437f8b",
                  "serving.knative.dev/creator": "jose@revieve.com",
                  "serving.knative.dev/lastModifier": "jose@revieve.com"
                },
                "generation": 1,
                "labels": {
                  "cloud.googleapis.com/location": "us-west1"
                },
                "namespace": "revieve-public",
                "resource_version": "AAX6xzZ3alw",
                "self_link": "/apis/serving.knative.dev/v1/namespaces/516037450294/services/doit-easily",
                "uid": "c8e4b8bc-3b48-45cd-940d-c36232085d1d"
              }
            ],
            "name": "doit-easily",
            "project": "revieve-public",
            "status": [
              {
                "conditions": [
                  {
                    "message": "",
                    "reason": "",
                    "status": "True",
                    "type": "Ready"
                  },
                  {
                    "message": "",
                    "reason": "",
                    "status": "True",
                    "type": "ConfigurationsReady"
                  },
                  {
                    "message": "",
                    "reason": "",
                    "status": "True",
                    "type": "RoutesReady"
                  }
                ],
                "latest_created_revision_name": "doit-easily-00001-kwr",
                "latest_ready_revision_name": "doit-easily-00001-kwr",
                "observed_generation": 1,
                "url": "https://doit-easily-b4ojzphnpq-uw.a.run.app"
              }
            ],
            "template": [
              {
                "metadata": [
                  {
                    "annotations": {
                      "autoscaling.knative.dev/maxScale": "100"
                    },
                    "generation": 0,
                    "labels": {},
                    "name": "",
                    "namespace": "",
                    "resource_version": "",
                    "self_link": "",
                    "uid": ""
                  }
                ],
                "spec": [
                  {
                    "container_concurrency": 80,
                    "containers": [
                      {
                        "args": [],
                        "command": [],
                        "env": [
                          {
                            "name": "LOG_LEVEL",
                            "value": "debug",
                            "value_from": []
                          }
                        ],
                        "env_from": [],
                        "image": "europe-docker.pkg.dev/revieve-public/docker-registry-europe/doi-it-easy:latest",
                        "ports": [
                          {
                            "container_port": 8080,
                            "name": "http1",
                            "protocol": ""
                          }
                        ],
                        "resources": [
                          {
                            "limits": {
                              "cpu": "1000m",
                              "memory": "512Mi"
                            },
                            "requests": {}
                          }
                        ],
                        "volume_mounts": [
                          {
                            "mount_path": "/config/",
                            "name": "toml-config"
                          }
                        ],
                        "working_dir": ""
                      }
                    ],
                    "service_account_name": "doit-easily@revieve-public.iam.gserviceaccount.com",
                    "serving_state": "",
                    "timeout_seconds": 300,
                    "volumes": [
                      {
                        "name": "toml-config",
                        "secret": [
                          {
                            "default_mode": 0,
                            "items": [
                              {
                                "key": "1",
                                "mode": 0,
                                "path": "custom-settings.toml"
                              }
                            ],
                            "secret_name": "settings-toml"
                          }
                        ]
                      }
                    ]
                  }
                ]
              }
            ],
            "timeouts": null,
            "traffic": [
              {
                "latest_revision": true,
                "percent": 100,
                "revision_name": "",
                "tag": "",
                "url": ""
              }
            ]
          },
          "sensitive_attributes": [],
          "private": "eyJlMmJmYjczMC1lY2FhLTExZTYtOGY4OC0zNDM2M2JjN2M0YzAiOnsiY3JlYXRlIjoxMjAwMDAwMDAwMDAwLCJkZWxldGUiOjEyMDAwMDAwMDAwMDAsInVwZGF0ZSI6MTIwMDAwMDAwMDAwMH0sInNjaGVtYV92ZXJzaW9uIjoiMSJ9"
        }
      ]
    },
    {
      "mode": "managed",
      "type": "google_cloud_run_service_iam_binding",
      "name": "doit_easily-mp_sa_invoker",
      "provider": "provider[\"registry.terraform.io/hashicorp/google\"]",
      "instances": [
        {
          "schema_version": 0,
          "attributes": {
            "condition": [],
            "etag": "BwX6xzc3Mw0=",
            "id": "v1/projects/revieve-public/locations/us-west1/services/doit-easily/roles/run.invoker",
            "location": "us-west1",
            "members": [
              "allUsers",
              "serviceAccount:doit-easily@revieve-public.iam.gserviceaccount.com"
            ],
            "project": "revieve-public",
            "role": "roles/run.invoker",
            "service": "v1/projects/revieve-public/locations/us-west1/services/doit-easily"
          },
          "sensitive_attributes": [],
          "private": "bnVsbA==",
          "dependencies": [
            "google_cloud_run_service.doit_easily_cloudrun_service"
          ]
        }
      ]
    },
    {
      "mode": "managed",
      "type": "google_cloud_run_service_iam_member",
      "name": "doit_easily_cloudrun_invoker",
      "provider": "provider[\"registry.terraform.io/hashicorp/google\"]",
      "instances": [
        {
          "schema_version": 0,
          "attributes": {
            "condition": [],
            "etag": "BwX6xzc3Mw0=",
            "id": "v1/projects/revieve-public/locations/us-west1/services/doit-easily/roles/run.invoker/serviceAccount:doit-easily@revieve-public.iam.gserviceaccount.com",
            "location": "us-west1",
            "member": "serviceAccount:doit-easily@revieve-public.iam.gserviceaccount.com",
            "project": "revieve-public",
            "role": "roles/run.invoker",
            "service": "v1/projects/revieve-public/locations/us-west1/services/doit-easily"
          },
          "sensitive_attributes": [],
          "private": "bnVsbA==",
          "dependencies": [
            "google_cloud_run_service.doit_easily_cloudrun_service"
          ]
        }
      ]
    },
    {
      "mode": "managed",
      "type": "google_compute_global_address",
      "name": "external_ip",
      "provider": "provider[\"registry.terraform.io/hashicorp/google\"]",
      "instances": [
        {
          "schema_version": 0,
          "attributes": {
            "address": "35.190.46.135",
            "address_type": "EXTERNAL",
            "creation_timestamp": "2023-05-01T07:39:12.957-07:00",
            "description": "",
            "id": "projects/revieve-public/global/addresses/revieve-external-ip",
            "ip_version": "",
            "name": "revieve-external-ip",
            "network": "",
            "prefix_length": 0,
            "project": "revieve-public",
            "purpose": "",
            "self_link": "https://www.googleapis.com/compute/v1/projects/revieve-public/global/addresses/revieve-external-ip",
            "timeouts": null
          },
          "sensitive_attributes": [],
          "private": "eyJlMmJmYjczMC1lY2FhLTExZTYtOGY4OC0zNDM2M2JjN2M0YzAiOnsiY3JlYXRlIjoxMjAwMDAwMDAwMDAwLCJkZWxldGUiOjEyMDAwMDAwMDAwMDB9fQ=="
        }
      ]
    },
    {
      "mode": "managed",
      "type": "google_compute_region_network_endpoint_group",
      "name": "api_lb_neg",
      "provider": "provider[\"registry.terraform.io/hashicorp/google-beta\"]",
      "instances": [
        {
          "schema_version": 0,
          "attributes": {
            "app_engine": [],
            "cloud_function": [],
            "cloud_run": [
              {
                "service": "doit-easily",
                "tag": "",
                "url_mask": ""
              }
            ],
            "description": "",
            "id": "projects/revieve-public/regions/europe-west1/networkEndpointGroups/api-lb-neg",
            "name": "api-lb-neg",
            "network": "",
            "network_endpoint_type": "SERVERLESS",
            "project": "revieve-public",
            "psc_target_service": "",
            "region": "https://www.googleapis.com/compute/v1/projects/revieve-public/regions/europe-west1",
            "self_link": "https://www.googleapis.com/compute/v1/projects/revieve-public/regions/europe-west1/networkEndpointGroups/api-lb-neg",
            "serverless_deployment": [],
            "subnetwork": "",
            "timeouts": null
          },
          "sensitive_attributes": [],
          "private": "eyJlMmJmYjczMC1lY2FhLTExZTYtOGY4OC0zNDM2M2JjN2M0YzAiOnsiY3JlYXRlIjoxMjAwMDAwMDAwMDAwLCJkZWxldGUiOjEyMDAwMDAwMDAwMDB9fQ==",
          "dependencies": [
            "google_cloud_run_service.doit_easily_cloudrun_service"
          ]
        }
      ]
    },
    {
      "mode": "managed",
      "type": "google_compute_url_map",
      "name": "url_map",
      "provider": "provider[\"registry.terraform.io/hashicorp/google\"]",
      "instances": [
        {
          "schema_version": 0,
          "attributes": {
            "creation_timestamp": "2023-05-03T03:07:32.472-07:00",
            "default_route_action": [],
            "default_service": "https://www.googleapis.com/compute/v1/projects/revieve-public/global/backendServices/api-lb-backend-default",
            "default_url_redirect": [],
            "description": "",
            "fingerprint": "65D0B4PjR38=",
            "header_action": [],
            "host_rule": [
              {
                "description": "",
                "hosts": [
                  "*"
                ],
                "path_matcher": "allpaths"
              }
            ],
            "id": "projects/revieve-public/global/urlMaps/api-lb-url-map",
            "map_id": 4747172044817271947,
            "name": "api-lb-url-map",
            "path_matcher": [
              {
                "default_route_action": [],
                "default_service": "https://www.googleapis.com/compute/v1/projects/revieve-public/global/backendServices/api-lb-backend-default",
                "default_url_redirect": [],
                "description": "",
                "header_action": [],
                "name": "allpaths",
                "path_rule": [
                  {
                    "paths": [
                      "/login"
                    ],
                    "route_action": [],
                    "service": "https://www.googleapis.com/compute/v1/projects/revieve-public/global/backendServices/api-lb-backend-frontend",
                    "url_redirect": []
                  }
                ],
                "route_rules": []
              }
            ],
            "project": "revieve-public",
            "self_link": "https://www.googleapis.com/compute/v1/projects/revieve-public/global/urlMaps/api-lb-url-map",
            "test": [],
            "timeouts": null
          },
          "sensitive_attributes": [
            [
              {
                "type": "get_attr",
                "value": "default_service"
              }
            ],
            [
              {
                "type": "get_attr",
                "value": "path_matcher"
              },
              {
                "type": "index",
                "value": {
                  "value": 0,
                  "type": "number"
                }
              },
              {
                "type": "get_attr",
                "value": "path_rule"
              },
              {
                "type": "index",
                "value": {
                  "value": 0,
                  "type": "number"
                }
              },
              {
                "type": "get_attr",
                "value": "service"
              }
            ],
            [
              {
                "type": "get_attr",
                "value": "path_matcher"
              },
              {
                "type": "index",
                "value": {
                  "value": 0,
                  "type": "number"
                }
              },
              {
                "type": "get_attr",
                "value": "default_service"
              }
            ]
          ],
          "private": "eyJlMmJmYjczMC1lY2FhLTExZTYtOGY4OC0zNDM2M2JjN2M0YzAiOnsiY3JlYXRlIjoxMjAwMDAwMDAwMDAwLCJkZWxldGUiOjEyMDAwMDAwMDAwMDAsInVwZGF0ZSI6MTIwMDAwMDAwMDAwMH19",
          "dependencies": [
            "google_cloud_run_service.doit_easily_cloudrun_service",
            "google_compute_region_network_endpoint_group.api_lb_neg",
            "google_iap_brand.iap_brand",
            "google_iap_client.iap_client",
            "module.api-lb.google_compute_backend_service.default"
          ]
        }
      ]
    },
    {
      "mode": "managed",
      "type": "google_dns_managed_zone",
      "name": "dns_zone",
      "provider": "provider[\"registry.terraform.io/hashicorp/google\"]",
      "instances": [
        {
          "schema_version": 0,
          "attributes": {
            "cloud_logging_config": [
              {
                "enable_logging": false
              }
            ],
            "creation_time": "2023-05-03T09:36:46.541Z",
            "description": "Managed by Terraform",
            "dns_name": "gcpmarketplace.revieve.com.",
            "dnssec_config": [],
            "force_destroy": false,
            "forwarding_config": [],
            "id": "projects/revieve-public/managedZones/gcpmarketplace",
            "labels": {},
            "managed_zone_id": 8163439989290279625,
            "name": "gcpmarketplace",
            "name_servers": [
              "ns-cloud-a1.googledomains.com.",
              "ns-cloud-a2.googledomains.com.",
              "ns-cloud-a3.googledomains.com.",
              "ns-cloud-a4.googledomains.com."
            ],
            "peering_config": [],
            "private_visibility_config": [],
            "project": "revieve-public",
            "timeouts": null,
            "visibility": "public"
          },
          "sensitive_attributes": [],
          "private": "eyJlMmJmYjczMC1lY2FhLTExZTYtOGY4OC0zNDM2M2JjN2M0YzAiOnsiY3JlYXRlIjoxMjAwMDAwMDAwMDAwLCJkZWxldGUiOjEyMDAwMDAwMDAwMDAsInVwZGF0ZSI6MTIwMDAwMDAwMDAwMH19"
        }
      ]
    },
    {
      "mode": "managed",
      "type": "google_dns_record_set",
      "name": "api",
      "provider": "provider[\"registry.terraform.io/hashicorp/google\"]",
      "instances": [
        {
          "schema_version": 0,
          "attributes": {
            "id": "projects/revieve-public/managedZones/gcpmarketplace/rrsets/gcpmarketplace.revieve.com./A",
            "managed_zone": "gcpmarketplace",
            "name": "gcpmarketplace.revieve.com.",
            "project": "revieve-public",
            "routing_policy": [],
            "rrdatas": [
              "35.190.46.135"
            ],
            "ttl": 300,
            "type": "A"
          },
          "sensitive_attributes": [],
          "private": "bnVsbA==",
          "dependencies": [
            "google_compute_global_address.external_ip",
            "google_dns_managed_zone.dns_zone"
          ]
        }
      ]
    },
    {
      "mode": "managed",
      "type": "google_iap_brand",
      "name": "iap_brand",
      "provider": "provider[\"registry.terraform.io/hashicorp/google\"]",
      "instances": [
        {
          "schema_version": 0,
          "attributes": {
            "application_title": "revieve",
            "id": "projects/516037450294/brands/516037450294",
            "name": "projects/516037450294/brands/516037450294",
            "org_internal_only": true,
            "project": "516037450294",
            "support_email": "esteve@revieve.com",
            "timeouts": null
          },
          "sensitive_attributes": [],
          "private": "eyJlMmJmYjczMC1lY2FhLTExZTYtOGY4OC0zNDM2M2JjN2M0YzAiOnsiY3JlYXRlIjoxMjAwMDAwMDAwMDAwLCJkZWxldGUiOjEyMDAwMDAwMDAwMDB9fQ=="
        }
      ]
    },
    {
      "mode": "managed",
      "type": "google_iap_client",
      "name": "iap_client",
      "provider": "provider[\"registry.terraform.io/hashicorp/google\"]",
      "instances": [
        {
          "schema_version": 0,
          "attributes": {
            "brand": "projects/516037450294/brands/516037450294",
            "client_id": "516037450294-7q0dqfe6aoricb2ug6fp6512ae5tru7a.apps.googleusercontent.com",
            "display_name": "revieve-oauth",
            "id": "projects/516037450294/brands/516037450294/identityAwareProxyClients/516037450294-7q0dqfe6aoricb2ug6fp6512ae5tru7a.apps.googleusercontent.com",
            "secret": "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",
            "timeouts": null
          },
          "sensitive_attributes": [],
          "private": "eyJlMmJmYjczMC1lY2FhLTExZTYtOGY4OC0zNDM2M2JjN2M0YzAiOnsiY3JlYXRlIjoxMjAwMDAwMDAwMDAwLCJkZWxldGUiOjEyMDAwMDAwMDAwMDB9fQ==",
          "dependencies": [
            "google_iap_brand.iap_brand"
          ]
        }
      ]
    },
    {
      "mode": "managed",
      "type": "google_project_iam_member",
      "name": "doit_easily_pubsub_editor",
      "provider": "provider[\"registry.terraform.io/hashicorp/google\"]",
      "instances": [
        {
          "schema_version": 0,
          "attributes": {
            "condition": [],
            "etag": "BwX6x2JHfnw=",
            "id": "revieve-public/roles/pubsub.editor/serviceAccount:doit-easily@revieve-public.iam.gserviceaccount.com",
            "member": "serviceAccount:doit-easily@revieve-public.iam.gserviceaccount.com",
            "project": "revieve-public",
            "role": "roles/pubsub.editor"
          },
          "sensitive_attributes": [],
          "private": "bnVsbA=="
        }
      ]
    },
    {
      "mode": "managed",
      "type": "google_project_service_identity",
      "name": "iap_gsi",
      "provider": "provider[\"registry.terraform.io/hashicorp/google-beta\"]",
      "instances": [
        {
          "schema_version": 0,
          "attributes": {
            "email": "service-516037450294@gcp-sa-iap.iam.gserviceaccount.com",
            "id": "projects/revieve-public/services/iap.googleapis.com",
            "project": null,
            "service": "iap.googleapis.com",
            "timeouts": null
          },
          "sensitive_attributes": [],
          "private": "eyJlMmJmYjczMC1lY2FhLTExZTYtOGY4OC0zNDM2M2JjN2M0YzAiOnsiY3JlYXRlIjoxMjAwMDAwMDAwMDAwLCJkZWxldGUiOjEyMDAwMDAwMDAwMDAsInJlYWQiOjYwMDAwMDAwMDAwMH19"
        }
      ]
    },
    {
      "mode": "managed",
      "type": "google_pubsub_subscription",
      "name": "doit_easily_subscription",
      "provider": "provider[\"registry.terraform.io/hashicorp/google\"].prod_impersonation",
      "instances": [
        {
          "schema_version": 0,
          "attributes": {
            "ack_deadline_seconds": 10,
            "bigquery_config": [],
            "dead_letter_policy": [],
            "enable_exactly_once_delivery": false,
            "enable_message_ordering": false,
            "expiration_policy": [
              {
                "ttl": "2678400s"
              }
            ],
            "filter": "",
            "id": "projects/revieve-public/subscriptions/doit-easily",
            "labels": null,
            "message_retention_duration": "604800s",
            "name": "doit-easily",
            "project": "revieve-public",
            "push_config": [
              {
                "attributes": null,
                "oidc_token": [
                  {
                    "audience": "",
                    "service_account_email": "doit-easily@revieve-public.iam.gserviceaccount.com"
                  }
                ],
                "push_endpoint": "https://doit-easily-b4ojzphnpq-uw.a.run.app/v1/notification"
              }
            ],
            "retain_acked_messages": false,
            "retry_policy": [],
            "timeouts": null,
            "topic": "projects/cloudcommerceproc-prod/topics/revieve-public"
          },
          "sensitive_attributes": [],
          "private": "eyJlMmJmYjczMC1lY2FhLTExZTYtOGY4OC0zNDM2M2JjN2M0YzAiOnsiY3JlYXRlIjoxMjAwMDAwMDAwMDAwLCJkZWxldGUiOjEyMDAwMDAwMDAwMDAsInVwZGF0ZSI6MTIwMDAwMDAwMDAwMH19",
          "dependencies": [
            "data.google_service_account_access_token.prod_token",
            "google_cloud_run_service.doit_easily_cloudrun_service"
          ]
        }
      ]
    },
    {
      "mode": "managed",
      "type": "google_secret_manager_secret",
      "name": "settings_toml",
      "provider": "provider[\"registry.terraform.io/hashicorp/google\"]",
      "instances": [
        {
          "schema_version": 0,
          "attributes": {
            "create_time": "2023-05-01T14:32:14.359533Z",
            "expire_time": "",
            "id": "projects/revieve-public/secrets/settings-toml",
            "labels": {},
            "name": "projects/516037450294/secrets/settings-toml",
            "project": "revieve-public",
            "replication": [
              {
                "automatic": true,
                "user_managed": []
              }
            ],
            "rotation": [],
            "secret_id": "settings-toml",
            "timeouts": null,
            "topics": [],
            "ttl": null
          },
          "sensitive_attributes": [],
          "private": "eyJlMmJmYjczMC1lY2FhLTExZTYtOGY4OC0zNDM2M2JjN2M0YzAiOnsiY3JlYXRlIjoxMjAwMDAwMDAwMDAwLCJkZWxldGUiOjEyMDAwMDAwMDAwMDAsInVwZGF0ZSI6MTIwMDAwMDAwMDAwMH19"
        }
      ]
    },
    {
      "mode": "managed",
      "type": "google_secret_manager_secret_iam_binding",
      "name": "setting_toml_accessors",
      "provider": "provider[\"registry.terraform.io/hashicorp/google\"]",
      "instances": [
        {
          "schema_version": 0,
          "attributes": {
            "condition": [],
            "etag": "BwX6orBxbxQ=",
            "id": "projects/revieve-public/secrets/settings-toml/roles/secretmanager.secretAccessor",
            "members": [
              "serviceAccount:doit-easily@revieve-public.iam.gserviceaccount.com"
            ],
            "project": "revieve-public",
            "role": "roles/secretmanager.secretAccessor",
            "secret_id": "projects/revieve-public/secrets/settings-toml"
          },
          "sensitive_attributes": [],
          "private": "bnVsbA==",
          "dependencies": [
            "google_secret_manager_secret.settings_toml"
          ]
        }
      ]
    },
    {
      "mode": "managed",
      "type": "google_secret_manager_secret_version",
      "name": "settings_toml",
      "provider": "provider[\"registry.terraform.io/hashicorp/google\"]",
      "instances": [
        {
          "schema_version": 0,
          "attributes": {
            "create_time": "2023-05-01T14:32:16.303424Z",
            "destroy_time": "",
            "enabled": true,
            "id": "projects/516037450294/secrets/settings-toml/versions/1",
            "name": "projects/516037450294/secrets/settings-toml/versions/1",
            "secret": "projects/revieve-public/secrets/settings-toml",
            "secret_data": "[default]\nmarketplace_project = '@none None' # This should be set to the name of the project you want to use, otherwise an error will be thrown.\nauto_approve_entitlements = false  # This should be set to true if you want to auto-approve entitlements.\nevent_topic = '@none None'         # Optional. The name of the topic to publish events to.\nslack_webhook = '@none None'       # Optional. The webhook URL to send Slack messages to.\naudience = 'api.dns_zone_name'\n\n[global] # global will override everything\nis_codelab = false\nmock_procurement = false # TODO: Remove mock_procurement\n",
            "timeouts": null,
            "version": "1"
          },
          "sensitive_attributes": [],
          "private": "eyJlMmJmYjczMC1lY2FhLTExZTYtOGY4OC0zNDM2M2JjN2M0YzAiOnsiY3JlYXRlIjoxMjAwMDAwMDAwMDAwLCJkZWxldGUiOjEyMDAwMDAwMDAwMDB9fQ==",
          "dependencies": [
            "google_secret_manager_secret.settings_toml"
          ]
        }
      ]
    },
    {
      "module": "module.api-lb",
      "mode": "managed",
      "type": "google_compute_backend_service",
      "name": "default",
      "provider": "provider[\"registry.terraform.io/hashicorp/google-beta\"]",
      "instances": [
        {
          "index_key": "default",
          "schema_version": 1,
          "attributes": {
            "affinity_cookie_ttl_sec": 0,
            "backend": [
              {
                "balancing_mode": "UTILIZATION",
                "capacity_scaler": 1,
                "description": "",
                "group": "https://www.googleapis.com/compute/v1/projects/revieve-public/regions/europe-west1/networkEndpointGroups/api-lb-neg",
                "max_connections": 0,
                "max_connections_per_endpoint": 0,
                "max_connections_per_instance": 0,
                "max_rate": 0,
                "max_rate_per_endpoint": 0,
                "max_rate_per_instance": 0,
                "max_utilization": 0
              }
            ],
            "cdn_policy": [],
            "circuit_breakers": [],
            "compression_mode": "",
            "connection_draining_timeout_sec": 300,
            "consistent_hash": [],
            "creation_timestamp": "2023-05-03T03:06:59.804-07:00",
            "custom_request_headers": [],
            "custom_response_headers": [],
            "description": "",
            "edge_security_policy": "",
            "enable_cdn": false,
            "fingerprint": "fgK_SyihDRE=",
            "generated_id": 4537645604334963884,
            "health_checks": [],
            "iap": [
              {
                "oauth2_client_id": "516037450294-7q0dqfe6aoricb2ug6fp6512ae5tru7a.apps.googleusercontent.com",
                "oauth2_client_secret": "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",
                "oauth2_client_secret_sha256": "354b5553085cf5a4e8503a66531ede8f88299fe92d6a278cdad76c51abe4b17a"
              }
            ],
            "id": "projects/revieve-public/global/backendServices/api-lb-backend-default",
            "load_balancing_scheme": "EXTERNAL",
            "locality_lb_policies": [],
            "locality_lb_policy": "",
            "log_config": [
              {
                "enable": true,
                "sample_rate": 1
              }
            ],
            "name": "api-lb-backend-default",
            "outlier_detection": [],
            "port_name": "http",
            "project": "revieve-public",
            "protocol": "HTTP",
            "security_policy": "",
            "security_settings": [],
            "self_link": "https://www.googleapis.com/compute/v1/projects/revieve-public/global/backendServices/api-lb-backend-default",
            "session_affinity": "NONE",
            "timeout_sec": 30,
            "timeouts": null
          },
          "sensitive_attributes": [
            [
              {
                "type": "get_attr",
                "value": "iap"
              },
              {
                "type": "index",
                "value": {
                  "value": 0,
                  "type": "number"
                }
              },
              {
                "type": "get_attr",
                "value": "oauth2_client_secret"
              }
            ]
          ],
          "private": "eyJlMmJmYjczMC1lY2FhLTExZTYtOGY4OC0zNDM2M2JjN2M0YzAiOnsiY3JlYXRlIjoxMjAwMDAwMDAwMDAwLCJkZWxldGUiOjEyMDAwMDAwMDAwMDAsInVwZGF0ZSI6MTIwMDAwMDAwMDAwMH0sInNjaGVtYV92ZXJzaW9uIjoiMSJ9",
          "dependencies": [
            "google_cloud_run_service.doit_easily_cloudrun_service",
            "google_compute_region_network_endpoint_group.api_lb_neg",
            "google_iap_brand.iap_brand",
            "google_iap_client.iap_client"
          ]
        },
        {
          "index_key": "frontend",
          "schema_version": 1,
          "attributes": {
            "affinity_cookie_ttl_sec": 0,
            "backend": [
              {
                "balancing_mode": "UTILIZATION",
                "capacity_scaler": 1,
                "description": "",
                "group": "https://www.googleapis.com/compute/v1/projects/revieve-public/regions/europe-west1/networkEndpointGroups/api-lb-neg",
                "max_connections": 0,
                "max_connections_per_endpoint": 0,
                "max_connections_per_instance": 0,
                "max_rate": 0,
                "max_rate_per_endpoint": 0,
                "max_rate_per_instance": 0,
                "max_utilization": 0
              }
            ],
            "cdn_policy": [],
            "circuit_breakers": [],
            "compression_mode": "",
            "connection_draining_timeout_sec": 300,
            "consistent_hash": [],
            "creation_timestamp": "2023-05-03T03:06:59.253-07:00",
            "custom_request_headers": [],
            "custom_response_headers": [],
            "description": "public endpoint for frontend integration",
            "edge_security_policy": "",
            "enable_cdn": false,
            "fingerprint": "WwWGJzB-2dc=",
            "generated_id": 7976607363983445164,
            "health_checks": [],
            "iap": [],
            "id": "projects/revieve-public/global/backendServices/api-lb-backend-frontend",
            "load_balancing_scheme": "EXTERNAL",
            "locality_lb_policies": [],
            "locality_lb_policy": "",
            "log_config": [
              {
                "enable": true,
                "sample_rate": 1
              }
            ],
            "name": "api-lb-backend-frontend",
            "outlier_detection": [],
            "port_name": "http",
            "project": "revieve-public",
            "protocol": "HTTP",
            "security_policy": "",
            "security_settings": [],
            "self_link": "https://www.googleapis.com/compute/v1/projects/revieve-public/global/backendServices/api-lb-backend-frontend",
            "session_affinity": "NONE",
            "timeout_sec": 30,
            "timeouts": null
          },
          "sensitive_attributes": [],
          "private": "eyJlMmJmYjczMC1lY2FhLTExZTYtOGY4OC0zNDM2M2JjN2M0YzAiOnsiY3JlYXRlIjoxMjAwMDAwMDAwMDAwLCJkZWxldGUiOjEyMDAwMDAwMDAwMDAsInVwZGF0ZSI6MTIwMDAwMDAwMDAwMH0sInNjaGVtYV92ZXJzaW9uIjoiMSJ9",
          "dependencies": [
            "google_cloud_run_service.doit_easily_cloudrun_service",
            "google_compute_region_network_endpoint_group.api_lb_neg",
            "google_iap_brand.iap_brand",
            "google_iap_client.iap_client"
          ]
        }
      ]
    },
    {
      "module": "module.api-lb",
      "mode": "managed",
      "type": "google_compute_global_forwarding_rule",
      "name": "http",
      "provider": "provider[\"registry.terraform.io/hashicorp/google-beta\"]",
      "instances": [
        {
          "index_key": 0,
          "schema_version": 0,
          "attributes": {
            "description": "",
            "id": "projects/revieve-public/global/forwardingRules/api-lb",
            "ip_address": "35.190.46.135",
            "ip_protocol": "TCP",
            "ip_version": "",
            "label_fingerprint": "42WmSpB8rSM=",
            "labels": {},
            "load_balancing_scheme": "EXTERNAL",
            "metadata_filters": [],
            "name": "api-lb",
            "network": "",
            "port_range": "80",
            "project": "revieve-public",
            "psc_connection_id": "",
            "psc_connection_status": "",
            "self_link": "https://www.googleapis.com/compute/beta/projects/revieve-public/global/forwardingRules/api-lb",
            "target": "https://www.googleapis.com/compute/v1/projects/revieve-public/global/targetHttpProxies/api-lb-http-proxy",
            "timeouts": null
          },
          "sensitive_attributes": [],
          "private": "eyJlMmJmYjczMC1lY2FhLTExZTYtOGY4OC0zNDM2M2JjN2M0YzAiOnsiY3JlYXRlIjoxMjAwMDAwMDAwMDAwLCJkZWxldGUiOjEyMDAwMDAwMDAwMDAsInVwZGF0ZSI6MTIwMDAwMDAwMDAwMH19",
          "dependencies": [
            "google_cloud_run_service.doit_easily_cloudrun_service",
            "google_compute_global_address.external_ip",
            "google_compute_region_network_endpoint_group.api_lb_neg",
            "google_compute_url_map.url_map",
            "google_iap_brand.iap_brand",
            "google_iap_client.iap_client",
            "module.api-lb.google_compute_backend_service.default",
            "module.api-lb.google_compute_global_address.default",
            "module.api-lb.google_compute_target_http_proxy.default",
            "module.api-lb.google_compute_url_map.default",
            "module.api-lb.google_compute_url_map.https_redirect"
          ]
        }
      ]
    },
    {
      "module": "module.api-lb",
      "mode": "managed",
      "type": "google_compute_global_forwarding_rule",
      "name": "https",
      "provider": "provider[\"registry.terraform.io/hashicorp/google-beta\"]",
      "instances": [
        {
          "index_key": 0,
          "schema_version": 0,
          "attributes": {
            "description": "",
            "id": "projects/revieve-public/global/forwardingRules/api-lb-https",
            "ip_address": "35.190.46.135",
            "ip_protocol": "TCP",
            "ip_version": "",
            "label_fingerprint": "42WmSpB8rSM=",
            "labels": {},
            "load_balancing_scheme": "EXTERNAL",
            "metadata_filters": [],
            "name": "api-lb-https",
            "network": "",
            "port_range": "443",
            "project": "revieve-public",
            "psc_connection_id": "",
            "psc_connection_status": "",
            "self_link": "https://www.googleapis.com/compute/beta/projects/revieve-public/global/forwardingRules/api-lb-https",
            "target": "https://www.googleapis.com/compute/v1/projects/revieve-public/global/targetHttpsProxies/api-lb-https-proxy",
            "timeouts": null
          },
          "sensitive_attributes": [],
          "private": "eyJlMmJmYjczMC1lY2FhLTExZTYtOGY4OC0zNDM2M2JjN2M0YzAiOnsiY3JlYXRlIjoxMjAwMDAwMDAwMDAwLCJkZWxldGUiOjEyMDAwMDAwMDAwMDAsInVwZGF0ZSI6MTIwMDAwMDAwMDAwMH19",
          "dependencies": [
            "google_cloud_run_service.doit_easily_cloudrun_service",
            "google_compute_global_address.external_ip",
            "google_compute_region_network_endpoint_group.api_lb_neg",
            "google_compute_url_map.url_map",
            "google_iap_brand.iap_brand",
            "google_iap_client.iap_client",
            "module.api-lb.google_compute_backend_service.default",
            "module.api-lb.google_compute_global_address.default",
            "module.api-lb.google_compute_managed_ssl_certificate.default",
            "module.api-lb.google_compute_ssl_certificate.default",
            "module.api-lb.google_compute_target_https_proxy.default",
            "module.api-lb.google_compute_url_map.default",
            "module.api-lb.random_id.certificate"
          ]
        }
      ]
    },
    {
      "module": "module.api-lb",
      "mode": "managed",
      "type": "google_compute_managed_ssl_certificate",
      "name": "default",
      "provider": "provider[\"registry.terraform.io/hashicorp/google-beta\"]",
      "instances": [
        {
          "index_key": 0,
          "schema_version": 0,
          "attributes": {
            "certificate_id": 5333472120519234180,
            "creation_timestamp": "2023-05-03T02:42:04.092-07:00",
            "description": "",
            "expire_time": "2023-08-01T03:20:27.000-07:00",
            "id": "projects/revieve-public/global/sslCertificates/api-lb-cert",
            "managed": [
              {
                "domains": [
                  "gcpmarketplace.revieve.com"
                ]
              }
            ],
            "name": "api-lb-cert",
            "project": "revieve-public",
            "self_link": "https://www.googleapis.com/compute/v1/projects/revieve-public/global/sslCertificates/api-lb-cert",
            "subject_alternative_names": [
              "gcpmarketplace.revieve.com"
            ],
            "timeouts": null,
            "type": "MANAGED"
          },
          "sensitive_attributes": [],
          "private": "eyJlMmJmYjczMC1lY2FhLTExZTYtOGY4OC0zNDM2M2JjN2M0YzAiOnsiY3JlYXRlIjoxODAwMDAwMDAwMDAwLCJkZWxldGUiOjE4MDAwMDAwMDAwMDB9fQ==",
          "dependencies": [
            "module.api-lb.random_id.certificate"
          ],
          "create_before_destroy": true
        }
      ]
    },
    {
      "module": "module.api-lb",
      "mode": "managed",
      "type": "google_compute_target_http_proxy",
      "name": "default",
      "provider": "provider[\"registry.terraform.io/hashicorp/google\"]",
      "instances": [
        {
          "index_key": 0,
          "schema_version": 0,
          "attributes": {
            "creation_timestamp": "2023-05-03T03:07:44.266-07:00",
            "description": "",
            "id": "projects/revieve-public/global/targetHttpProxies/api-lb-http-proxy",
            "name": "api-lb-http-proxy",
            "project": "revieve-public",
            "proxy_bind": false,
            "proxy_id": 8397906688937528479,
            "self_link": "https://www.googleapis.com/compute/v1/projects/revieve-public/global/targetHttpProxies/api-lb-http-proxy",
            "timeouts": null,
            "url_map": "https://www.googleapis.com/compute/v1/projects/revieve-public/global/urlMaps/api-lb-https-redirect"
          },
          "sensitive_attributes": [],
          "private": "eyJlMmJmYjczMC1lY2FhLTExZTYtOGY4OC0zNDM2M2JjN2M0YzAiOnsiY3JlYXRlIjoxMjAwMDAwMDAwMDAwLCJkZWxldGUiOjEyMDAwMDAwMDAwMDAsInVwZGF0ZSI6MTIwMDAwMDAwMDAwMH19",
          "dependencies": [
            "google_cloud_run_service.doit_easily_cloudrun_service",
            "google_compute_region_network_endpoint_group.api_lb_neg",
            "google_compute_url_map.url_map",
            "google_iap_brand.iap_brand",
            "google_iap_client.iap_client",
            "module.api-lb.google_compute_backend_service.default",
            "module.api-lb.google_compute_url_map.default",
            "module.api-lb.google_compute_url_map.https_redirect"
          ]
        }
      ]
    },
    {
      "module": "module.api-lb",
      "mode": "managed",
      "type": "google_compute_target_https_proxy",
      "name": "default",
      "provider": "provider[\"registry.terraform.io/hashicorp/google\"]",
      "instances": [
        {
          "index_key": 0,
          "schema_version": 0,
          "attributes": {
            "certificate_map": "",
            "creation_timestamp": "2023-05-03T03:07:44.270-07:00",
            "description": "",
            "id": "projects/revieve-public/global/targetHttpsProxies/api-lb-https-proxy",
            "name": "api-lb-https-proxy",
            "project": "revieve-public",
            "proxy_bind": false,
            "proxy_id": 7771246470547606687,
            "quic_override": "NONE",
            "self_link": "https://www.googleapis.com/compute/v1/projects/revieve-public/global/targetHttpsProxies/api-lb-https-proxy",
            "ssl_certificates": [
              "https://www.googleapis.com/compute/v1/projects/revieve-public/global/sslCertificates/api-lb-cert"
            ],
            "ssl_policy": "",
            "timeouts": null,
            "url_map": "https://www.googleapis.com/compute/v1/projects/revieve-public/global/urlMaps/api-lb-url-map"
          },
          "sensitive_attributes": [],
          "private": "eyJlMmJmYjczMC1lY2FhLTExZTYtOGY4OC0zNDM2M2JjN2M0YzAiOnsiY3JlYXRlIjoxMjAwMDAwMDAwMDAwLCJkZWxldGUiOjEyMDAwMDAwMDAwMDAsInVwZGF0ZSI6MTIwMDAwMDAwMDAwMH19",
          "dependencies": [
            "google_cloud_run_service.doit_easily_cloudrun_service",
            "google_compute_region_network_endpoint_group.api_lb_neg",
            "google_compute_url_map.url_map",
            "google_iap_brand.iap_brand",
            "google_iap_client.iap_client",
            "module.api-lb.google_compute_backend_service.default",
            "module.api-lb.google_compute_managed_ssl_certificate.default",
            "module.api-lb.google_compute_ssl_certificate.default",
            "module.api-lb.google_compute_url_map.default",
            "module.api-lb.random_id.certificate"
          ]
        }
      ]
    },
    {
      "module": "module.api-lb",
      "mode": "managed",
      "type": "google_compute_url_map",
      "name": "https_redirect",
      "provider": "provider[\"registry.terraform.io/hashicorp/google\"]",
      "instances": [
        {
          "index_key": 0,
          "schema_version": 0,
          "attributes": {
            "creation_timestamp": "2023-05-01T07:39:12.929-07:00",
            "default_route_action": [],
            "default_service": "",
            "default_url_redirect": [
              {
                "host_redirect": "",
                "https_redirect": true,
                "path_redirect": "",
                "prefix_redirect": "",
                "redirect_response_code": "MOVED_PERMANENTLY_DEFAULT",
                "strip_query": false
              }
            ],
            "description": "",
            "fingerprint": "gjeGJounU4w=",
            "header_action": [],
            "host_rule": [],
            "id": "projects/revieve-public/global/urlMaps/api-lb-https-redirect",
            "map_id": 1402803074390716927,
            "name": "api-lb-https-redirect",
            "path_matcher": [],
            "project": "revieve-public",
            "self_link": "https://www.googleapis.com/compute/v1/projects/revieve-public/global/urlMaps/api-lb-https-redirect",
            "test": [],
            "timeouts": null
          },
          "sensitive_attributes": [],
          "private": "eyJlMmJmYjczMC1lY2FhLTExZTYtOGY4OC0zNDM2M2JjN2M0YzAiOnsiY3JlYXRlIjoxMjAwMDAwMDAwMDAwLCJkZWxldGUiOjEyMDAwMDAwMDAwMDAsInVwZGF0ZSI6MTIwMDAwMDAwMDAwMH19"
        }
      ]
    }
  ],
  "check_results": null
}
